{
  "name": "@super_rare/fizzbuzz",
  "version": "1.0.1",
  "lockfileVersion": 2,
  "requires": true,
  "packages": {
    "": {
      "name": "@super_rare/fizzbuzz",
      "version": "1.0.1",
      "license": "MIT",
      "dependencies": {
        "@super_rare/fizzbuzz": "^1.0.1"
      },
      "bin": {
        "fizzbuzz": "bin.js"
      }
    },
    "node_modules/@super_rare/fizzbuzz": {
      "version": "1.0.1",
      "resolved": "https://registry.npmjs.org/@super_rare/fizzbuzz/-/fizzbuzz-1.0.1.tgz",
      "integrity": "sha512-8ThU0W1fPU2PjsTKawbM/asBft8/DfcgMlS2GPgcQyeZS5sYv0tIWx9A/WhWzSz5DsXEBBPTFfkL0Kq6K17h6A==",
      "dependencies": {
        "@super_rare/fizzbuzz": "^1.0.0"
      },
      "bin": {
        "fizzbuzz": "bin.js"
      }
    }
  },
  "dependencies": {
    "@super_rare/fizzbuzz": {
      "version": "1.0.1",
      "resolved": "https://registry.npmjs.org/@super_rare/fizzbuzz/-/fizzbuzz-1.0.1.tgz",
      "integrity": "sha512-8ThU0W1fPU2PjsTKawbM/asBft8/DfcgMlS2GPgcQyeZS5sYv0tIWx9A/WhWzSz5DsXEBBPTFfkL0Kq6K17h6A==",
      "requires": {
        "@super_rare/fizzbuzz": "^1.0.0"
      }
    }
  }
}
